
Microsoft Visual Studio Solution File, Format Version 12.00
# Visual Studio Version 17
VisualStudioVersion = 17.4.33205.214
MinimumVisualStudioVersion = 10.0.40219.1
Project("{9A19103F-16F7-4668-BE54-9A1E7A4F7556}") = "ScreenShotApp", "ScreenShotApp\ScreenShotApp.csproj", "{A5650C38-9523-4ED8-BDAC-87AC06B1987D}"
EndProject
Project("{2150E333-8FDC-42A3-9474-1A3956D46DE8}") = "Solution Items", "Solution Items", "{51FAD33B-FBDA-43E7-A959-47AE7FC3C965}"
EndProject
Global
	GlobalSection(SolutionConfigurationPlatforms) = preSolution
		Debug|Any CPU = Debug|Any CPU
		Release|Any CPU = Release|Any CPU
	EndGlobalSection
	GlobalSection(ProjectConfigurationPlatforms) = postSolution
		{A5650C38-9523-4ED8-BDAC-87AC06B1987D}.Debug|Any CPU.ActiveCfg = Debug|Any CPU
		{A5650C38-9523-4ED8-BDAC-87AC06B1987D}.Debug|Any CPU.Build.0 = Debug|Any CPU
		{A5650C38-9523-4ED8-BDAC-87AC06B1987D}.Release|Any CPU.ActiveCfg = Release|Any CPU
		{A5650C38-9523-4ED8-BDAC-87AC06B1987D}.Release|Any CPU.Build.0 = Release|Any CPU
	EndGlobalSection
	GlobalSection(SolutionProperties) = preSolution
		HideSolutionNode = FALSE
	EndGlobalSection
	GlobalSection(ExtensibilityGlobals) = postSolution
		SolutionGuid = {CC89CC4A-EA01-4846-B792-EF4C912BE496}
	EndGlobalSection
EndGlobal
